
Microsoft Visual Studio Solution File, Format Version 12.00
# Visual Studio Version 17
VisualStudioVersion = 17.3.32819.101
MinimumVisualStudioVersion = 10.0.40219.1
Project("{FAE04EC0-301F-11D3-BF4B-00C04F79EFBC}") = "NZWalks.API", "NZWalks.API\NZWalks.API.csproj", "{2361B7E9-188C-4FCC-B6EF-B336C17E095B}"
EndProject
Global
	GlobalSection(SolutionConfigurationPlatforms) = preSolution
		Debug|Any CPU = Debug|Any CPU
		Release|Any CPU = Release|Any CPU
	EndGlobalSection
	GlobalSection(ProjectConfigurationPlatforms) = postSolution
		{2361B7E9-188C-4FCC-B6EF-B336C17E095B}.Debug|Any CPU.ActiveCfg = Debug|Any CPU
		{2361B7E9-188C-4FCC-B6EF-B336C17E095B}.Debug|Any CPU.Build.0 = Debug|Any CPU
		{2361B7E9-188C-4FCC-B6EF-B336C17E095B}.Release|Any CPU.ActiveCfg = Release|Any CPU
		{2361B7E9-188C-4FCC-B6EF-B336C17E095B}.Release|Any CPU.Build.0 = Release|Any CPU
	EndGlobalSection
	GlobalSection(SolutionProperties) = preSolution
		HideSolutionNode = FALSE
	EndGlobalSection
	GlobalSection(ExtensibilityGlobals) = postSolution
		SolutionGuid = {A7CF0D9D-0D40-488A-8DD4-0EE4AF0FDFF9}
	EndGlobalSection
EndGlobal
